{
  "pins" : [
    {
      "identity" : "iqkeyboardmanager",
      "kind" : "remoteSourceControl",
      "location" : "https://github.com/hackiftekhar/IQKeyboardManager.git",
      "state" : {
        "branch" : "master",
        "revision" : "0ea3febb36cfcec2afb5841fd8809a9c0fa545b3"
      }
    },
    {
      "identity" : "rxswift",
      "kind" : "remoteSourceControl",
      "location" : "https://github.com/ReactiveX/RxSwift",
      "state" : {
        "revision" : "9dcaa4b333db437b0fbfaf453fad29069044a8b4",
        "version" : "6.6.0"
      }
    }
  ],
  "version" : 2
}
